
Microsoft Visual Studio Solution File, Format Version 12.00
# Visual Studio Version 16
VisualStudioVersion = 25.0.1705.4
MinimumVisualStudioVersion = 10.0.40219.1
Project("{FAE04EC0-301F-11D3-BF4B-00C04F79EFBC}") = "ElegantWebFormApp", "ElegantWebFormApp.csproj", "{1BC0D206-C0A7-465F-A90C-088AA9114B09}"
EndProject
Global
	GlobalSection(SolutionConfigurationPlatforms) = preSolution
		Debug|Any CPU = Debug|Any CPU
		Release|Any CPU = Release|Any CPU
	EndGlobalSection
	GlobalSection(ProjectConfigurationPlatforms) = postSolution
		{1BC0D206-C0A7-465F-A90C-088AA9114B09}.Debug|Any CPU.ActiveCfg = Debug|Any CPU
		{1BC0D206-C0A7-465F-A90C-088AA9114B09}.Debug|Any CPU.Build.0 = Debug|Any CPU
		{1BC0D206-C0A7-465F-A90C-088AA9114B09}.Release|Any CPU.ActiveCfg = Release|Any CPU
		{1BC0D206-C0A7-465F-A90C-088AA9114B09}.Release|Any CPU.Build.0 = Release|Any CPU
	EndGlobalSection
	GlobalSection(SolutionProperties) = preSolution
		HideSolutionNode = FALSE
	EndGlobalSection
	GlobalSection(ExtensibilityGlobals) = postSolution
		SolutionGuid = {EEB2C4F4-D0CC-4810-A06E-3273F6E4DE32}
	EndGlobalSection
EndGlobal
